
Microsoft Visual Studio Solution File, Format Version 12.00
# Visual Studio Version 16
VisualStudioVersion = 16.0.29102.190
MinimumVisualStudioVersion = 10.0.40219.1
Project("{FAE04EC0-301F-11D3-BF4B-00C04F79EFBC}") = "radium_UTXO_server", "radium_UTXO_server.csproj", "{26F6192A-A7EC-4436-A363-2BEA58C6A961}"
EndProject
Global
	GlobalSection(SolutionConfigurationPlatforms) = preSolution
		Debug|Any CPU = Debug|Any CPU
		Release|Any CPU = Release|Any CPU
	EndGlobalSection
	GlobalSection(ProjectConfigurationPlatforms) = postSolution
		{26F6192A-A7EC-4436-A363-2BEA58C6A961}.Debug|Any CPU.ActiveCfg = Debug|Any CPU
		{26F6192A-A7EC-4436-A363-2BEA58C6A961}.Debug|Any CPU.Build.0 = Debug|Any CPU
		{26F6192A-A7EC-4436-A363-2BEA58C6A961}.Release|Any CPU.ActiveCfg = Release|Any CPU
		{26F6192A-A7EC-4436-A363-2BEA58C6A961}.Release|Any CPU.Build.0 = Release|Any CPU
	EndGlobalSection
	GlobalSection(SolutionProperties) = preSolution
		HideSolutionNode = FALSE
	EndGlobalSection
	GlobalSection(ExtensibilityGlobals) = postSolution
		SolutionGuid = {2394CE75-9778-4439-BFA6-9EEA61554B42}
	EndGlobalSection
EndGlobal
